
Microsoft Visual Studio Solution File, Format Version 12.00
# Visual Studio Version 17
VisualStudioVersion = 17.0.32014.148
MinimumVisualStudioVersion = 10.0.40219.1
Project("{9A19103F-16F7-4668-BE54-9A1E7A4F7556}") = "CreditCardAPI", "CreditCardAPI\CreditCardAPI.csproj", "{D9C55A0A-D96B-4F0F-8913-9E963FF98D8A}"
EndProject
Project("{9A19103F-16F7-4668-BE54-9A1E7A4F7556}") = "Data", "Data\Data.csproj", "{82C90769-8490-45F1-A9A9-440C65D01602}"
EndProject
Project("{9A19103F-16F7-4668-BE54-9A1E7A4F7556}") = "Managers", "Managers\Managers.csproj", "{5ABD57E8-AD6E-4F8A-9750-CF099CD470A6}"
EndProject
Project("{FAE04EC0-301F-11D3-BF4B-00C04F79EFBC}") = "CreditCard.UnitTest", "CreditCard.UnitTest\CreditCard.UnitTest.csproj", "{1BBA39AC-F554-4450-92D8-4942B2333F8D}"
EndProject
Global
	GlobalSection(SolutionConfigurationPlatforms) = preSolution
		Debug|Any CPU = Debug|Any CPU
		Release|Any CPU = Release|Any CPU
	EndGlobalSection
	GlobalSection(ProjectConfigurationPlatforms) = postSolution
		{D9C55A0A-D96B-4F0F-8913-9E963FF98D8A}.Debug|Any CPU.ActiveCfg = Debug|Any CPU
		{D9C55A0A-D96B-4F0F-8913-9E963FF98D8A}.Debug|Any CPU.Build.0 = Debug|Any CPU
		{D9C55A0A-D96B-4F0F-8913-9E963FF98D8A}.Release|Any CPU.ActiveCfg = Release|Any CPU
		{D9C55A0A-D96B-4F0F-8913-9E963FF98D8A}.Release|Any CPU.Build.0 = Release|Any CPU
		{82C90769-8490-45F1-A9A9-440C65D01602}.Debug|Any CPU.ActiveCfg = Debug|Any CPU
		{82C90769-8490-45F1-A9A9-440C65D01602}.Debug|Any CPU.Build.0 = Debug|Any CPU
		{82C90769-8490-45F1-A9A9-440C65D01602}.Release|Any CPU.ActiveCfg = Release|Any CPU
		{82C90769-8490-45F1-A9A9-440C65D01602}.Release|Any CPU.Build.0 = Release|Any CPU
		{5ABD57E8-AD6E-4F8A-9750-CF099CD470A6}.Debug|Any CPU.ActiveCfg = Debug|Any CPU
		{5ABD57E8-AD6E-4F8A-9750-CF099CD470A6}.Debug|Any CPU.Build.0 = Debug|Any CPU
		{5ABD57E8-AD6E-4F8A-9750-CF099CD470A6}.Release|Any CPU.ActiveCfg = Release|Any CPU
		{5ABD57E8-AD6E-4F8A-9750-CF099CD470A6}.Release|Any CPU.Build.0 = Release|Any CPU
		{1BBA39AC-F554-4450-92D8-4942B2333F8D}.Debug|Any CPU.ActiveCfg = Debug|Any CPU
		{1BBA39AC-F554-4450-92D8-4942B2333F8D}.Debug|Any CPU.Build.0 = Debug|Any CPU
		{1BBA39AC-F554-4450-92D8-4942B2333F8D}.Release|Any CPU.ActiveCfg = Release|Any CPU
		{1BBA39AC-F554-4450-92D8-4942B2333F8D}.Release|Any CPU.Build.0 = Release|Any CPU
	EndGlobalSection
	GlobalSection(SolutionProperties) = preSolution
		HideSolutionNode = FALSE
	EndGlobalSection
	GlobalSection(ExtensibilityGlobals) = postSolution
		SolutionGuid = {74E8A47E-3394-46F5-A97A-5DE3EF6278FD}
	EndGlobalSection
EndGlobal
